
Microsoft Visual Studio Solution File, Format Version 12.00
# Visual Studio Version 17
VisualStudioVersion = 17.6.33829.357
MinimumVisualStudioVersion = 10.0.40219.1
Project("{FAE04EC0-301F-11D3-BF4B-00C04F79EFBC}") = "AppDemo", "AppDemo\AppDemo.csproj", "{EF417275-5B03-49D7-86A8-0D6004362191}"
EndProject
Global
	GlobalSection(SolutionConfigurationPlatforms) = preSolution
		Debug|Any CPU = Debug|Any CPU
		Release|Any CPU = Release|Any CPU
	EndGlobalSection
	GlobalSection(ProjectConfigurationPlatforms) = postSolution
		{EF417275-5B03-49D7-86A8-0D6004362191}.Debug|Any CPU.ActiveCfg = Debug|Any CPU
		{EF417275-5B03-49D7-86A8-0D6004362191}.Debug|Any CPU.Build.0 = Debug|Any CPU
		{EF417275-5B03-49D7-86A8-0D6004362191}.Release|Any CPU.ActiveCfg = Release|Any CPU
		{EF417275-5B03-49D7-86A8-0D6004362191}.Release|Any CPU.Build.0 = Release|Any CPU
	EndGlobalSection
	GlobalSection(SolutionProperties) = preSolution
		HideSolutionNode = FALSE
	EndGlobalSection
	GlobalSection(ExtensibilityGlobals) = postSolution
		SolutionGuid = {694C5EB0-358B-43C7-9C53-806EAA719B9F}
	EndGlobalSection
EndGlobal
